
Microsoft Visual Studio Solution File, Format Version 11.00
# Visual Studio 2010
Project("{FAE04EC0-301F-11D3-BF4B-00C04F79EFBC}") = "Anthill", "Anthill\Anthill.csproj", "{5ADAF5C4-168C-462C-ACF3-8A45AC5FCC5D}"
EndProject
Project("{FAE04EC0-301F-11D3-BF4B-00C04F79EFBC}") = "Anthill.Web", "Anthill.Web\Anthill.Web.csproj", "{173E1174-8EF2-4329-824D-8B72BD06E38E}"
EndProject
Global
	GlobalSection(SolutionConfigurationPlatforms) = preSolution
		Debug|Any CPU = Debug|Any CPU
		Release|Any CPU = Release|Any CPU
	EndGlobalSection
	GlobalSection(ProjectConfigurationPlatforms) = postSolution
		{5ADAF5C4-168C-462C-ACF3-8A45AC5FCC5D}.Debug|Any CPU.ActiveCfg = Debug|Any CPU
		{5ADAF5C4-168C-462C-ACF3-8A45AC5FCC5D}.Debug|Any CPU.Build.0 = Debug|Any CPU
		{5ADAF5C4-168C-462C-ACF3-8A45AC5FCC5D}.Release|Any CPU.ActiveCfg = Release|Any CPU
		{5ADAF5C4-168C-462C-ACF3-8A45AC5FCC5D}.Release|Any CPU.Build.0 = Release|Any CPU
		{173E1174-8EF2-4329-824D-8B72BD06E38E}.Debug|Any CPU.ActiveCfg = Debug|Any CPU
		{173E1174-8EF2-4329-824D-8B72BD06E38E}.Debug|Any CPU.Build.0 = Debug|Any CPU
		{173E1174-8EF2-4329-824D-8B72BD06E38E}.Release|Any CPU.ActiveCfg = Release|Any CPU
		{173E1174-8EF2-4329-824D-8B72BD06E38E}.Release|Any CPU.Build.0 = Release|Any CPU
	EndGlobalSection
	GlobalSection(SolutionProperties) = preSolution
		HideSolutionNode = FALSE
	EndGlobalSection
EndGlobal
